// !$*UTF8*$!
{
	archiveVersion = 1;
	classes = {
	};
	objectVersion = 50;
	objects = {

/* Begin PBXBuildFile section */
		AAF2158620B6079A00F0529E /* AppDelegate.swift in Sources */ = {isa = PBXBuildFile; fileRef = AAF2158520B6079A00F0529E /* AppDelegate.swift */; };
		AAF2158820B6079A00F0529E /* ViewController.swift in Sources */ = {isa = PBXBuildFile; fileRef = AAF2158720B6079A00F0529E /* ViewController.swift */; };
		AAF2158B20B6079A00F0529E /* Main.storyboard in Resources */ = {isa = PBXBuildFile; fileRef = AAF2158920B6079A00F0529E /* Main.storyboard */; };
		AAF2158E20B6079A00F0529E /* PerkinsHacks_iOS.xcdatamodeld in Sources */ = {isa = PBXBuildFile; fileRef = AAF2158C20B6079A00F0529E /* PerkinsHacks_iOS.xcdatamodeld */; };
		AAF2159020B6079B00F0529E /* Assets.xcassets in Resources */ = {isa = PBXBuildFile; fileRef = AAF2158F20B6079B00F0529E /* Assets.xcassets */; };
		AAF2159320B6079B00F0529E /* LaunchScreen.storyboard in Resources */ = {isa = PBXBuildFile; fileRef = AAF2159120B6079B00F0529E /* LaunchScreen.storyboard */; };
/* End PBXBuildFile section */

/* Begin PBXFileReference section */
		AAF2158220B6079A00F0529E /* PerkinsHacks_iOS.app */ = {isa = PBXFileReference; explicitFileType = wrapper.application; includeInIndex = 0; path = PerkinsHacks_iOS.app; sourceTree = BUILT_PRODUCTS_DIR; };
		AAF2158520B6079A00F0529E /* AppDelegate.swift */ = {isa = PBXFileReference; lastKnownFileType = sourcecode.swift; path = AppDelegate.swift; sourceTree = "<group>"; };
		AAF2158720B6079A00F0529E /* ViewController.swift */ = {isa = PBXFileReference; lastKnownFileType = sourcecode.swift; path = ViewController.swift; sourceTree = "<group>"; };
		AAF2158A20B6079A00F0529E /* Base */ = {isa = PBXFileReference; lastKnownFileType = file.storyboard; name = Base; path = Base.lproj/Main.storyboard; sourceTree = "<group>"; };
		AAF2158D20B6079A00F0529E /* PerkinsHacks_iOS.xcdatamodel */ = {isa = PBXFileReference; lastKnownFileType = wrapper.xcdatamodel; path = PerkinsHacks_iOS.xcdatamodel; sourceTree = "<group>"; };
		AAF2158F20B6079B00F0529E /* Assets.xcassets */ = {isa = PBXFileReference; lastKnownFileType = folder.assetcatalog; path = Assets.xcassets; sourceTree = "<group>"; };
		AAF2159220B6079B00F0529E /* Base */ = {isa = PBXFileReference; lastKnownFileType = file.storyboard; name = Base; path = Base.lproj/LaunchScreen.storyboard; sourceTree = "<group>"; };
		AAF2159420B6079B00F0529E /* Info.plist */ = {isa = PBXFileReference; lastKnownFileType = text.plist.xml; path = Info.plist; sourceTree = "<group>"; };
/* End PBXFileReference section */

/* Begin PBXFrameworksBuildPhase section */
		AAF2157F20B6079A00F0529E /* Frameworks */ = {
			isa = PBXFrameworksBuildPhase;
			buildActionMask = 2147483647;
			files = (
			);
			runOnlyForDeploymentPostprocessing = 0;
		};
/* End PBXFrameworksBuildPhase section */

/* Begin PBXGroup section */
		AAF2157920B6079A00F0529E = {
			isa = PBXGroup;
			children = (
				AAF2158420B6079A00F0529E /* PerkinsHacks_iOS */,
				AAF2158320B6079A00F0529E /* Products */,
			);
			sourceTree = "<group>";
		};
		AAF2158320B6079A00F0529E /* Products */ = {
			isa = PBXGroup;
			children = (
				AAF2158220B6079A00F0529E /* PerkinsHacks_iOS.app */,
			);
			name = Products;
			sourceTree = "<group>";
		};
		AAF2158420B6079A00F0529E /* PerkinsHacks_iOS */ = {
			isa = PBXGroup;
			children = (
				AAF2158520B6079A00F0529E /* AppDelegate.swift */,
				AAF2158720B6079A00F0529E /* ViewController.swift */,
				AAF2158920B6079A00F0529E /* Main.storyboard */,
				AAF2158F20B6079B00F0529E /* Assets.xcassets */,
				AAF2159120B6079B00F0529E /* LaunchScreen.storyboard */,
				AAF2159420B6079B00F0529E /* Info.plist */,
				AAF2158C20B6079A00F0529E /* PerkinsHacks_iOS.xcdatamodeld */,
			);
			path = PerkinsHacks_iOS;
			sourceTree = "<group>";
		};
/* End PBXGroup section */

/* Begin PBXNativeTarget section */
		AAF2158120B6079A00F0529E /* PerkinsHacks_iOS */ = {
			isa = PBXNativeTarget;
			buildConfigurationList = AAF2159720B6079B00F0529E /* Build configuration list for PBXNativeTarget "PerkinsHacks_iOS" */;
			buildPhases = (
				AAF2157E20B6079A00F0529E /* Sources */,
				AAF2157F20B6079A00F0529E /* Frameworks */,
				AAF2158020B6079A00F0529E /* Resources */,
			);
			buildRules = (
			);
			dependencies = (
			);
			name = PerkinsHacks_iOS;
			productName = PerkinsHacks_iOS;
			productReference = AAF2158220B6079A00F0529E /* PerkinsHacks_iOS.app */;
			productType = "com.apple.product-type.application";
		};
/* End PBXNativeTarget section */

/* Begin PBXProject section */
		AAF2157A20B6079A00F0529E /* Project object */ = {
			isa = PBXProject;
			attributes = {
				LastSwiftUpdateCheck = 0930;
				LastUpgradeCheck = 0930;
				ORGANIZATIONNAME = OAR;
				TargetAttributes = {
					AAF2158120B6079A00F0529E = {
						CreatedOnToolsVersion = 9.3.1;
					};
				};
			};
			buildConfigurationList = AAF2157D20B6079A00F0529E /* Build configuration list for PBXProject "PerkinsHacks_iOS" */;
			compatibilityVersion = "Xcode 9.3";
			developmentRegion = en;
			hasScannedForEncodings = 0;
			knownRegions = (
				en,
				Base,
			);
			mainGroup = AAF2157920B6079A00F0529E;
			productRefGroup = AAF2158320B6079A00F0529E /* Products */;
			projectDirPath = "";
			projectRoot = "";
			targets = (
				AAF2158120B6079A00F0529E /* PerkinsHacks_iOS */,
			);
		};
/* End PBXProject section */

/* Begin PBXResourcesBuildPhase section */
		AAF2158020B6079A00F0529E /* Resources */ = {
			isa = PBXResourcesBuildPhase;
			buildActionMask = 2147483647;
			files = (
				AAF2159320B6079B00F0529E /* LaunchScreen.storyboard in Resources */,
				AAF2159020B6079B00F0529E /* Assets.xcassets in Resources */,
				AAF2158B20B6079A00F0529E /* Main.storyboard in Resources */,
			);
			runOnlyForDeploymentPostprocessing = 0;
		};
/* End PBXResourcesBuildPhase section */

/* Begin PBXSourcesBuildPhase section */
		AAF2157E20B6079A00F0529E /* Sources */ = {
			isa = PBXSourcesBuildPhase;
			buildActionMask = 2147483647;
			files = (
				AAF2158E20B6079A00F0529E /* PerkinsHacks_iOS.xcdatamodeld in Sources */,
				AAF2158820B6079A00F0529E /* ViewController.swift in Sources */,
				AAF2158620B6079A00F0529E /* AppDelegate.swift in Sources */,
			);
			runOnlyForDeploymentPostprocessing = 0;
		};
/* End PBXSourcesBuildPhase section */

/* Begin PBXVariantGroup section */
		AAF2158920B6079A00F0529E /* Main.storyboard */ = {
			isa = PBXVariantGroup;
			children = (
				AAF2158A20B6079A00F0529E /* Base */,
			);
			name = Main.storyboard;
			sourceTree = "<group>";
		};
		AAF2159120B6079B00F0529E /* LaunchScreen.storyboard */ = {
			isa = PBXVariantGroup;
			children = (
				AAF2159220B6079B00F0529E /* Base */,
			);
			name = LaunchScreen.storyboard;
			sourceTree = "<group>";
		};
/* End PBXVariantGroup section */

/* Begin XCBuildConfiguration section */
		AAF2159520B6079B00F0529E /* Debug */ = {
			isa = XCBuildConfiguration;
			buildSettings = {
				ALWAYS_SEARCH_USER_PATHS = NO;
				CLANG_ANALYZER_NONNULL = YES;
				CLANG_ANALYZER_NUMBER_OBJECT_CONVERSION = YES_AGGRESSIVE;
				CLANG_CXX_LANGUAGE_STANDARD = "gnu++14";
				CLANG_CXX_LIBRARY = "libc++";
				CLANG_ENABLE_MODULES = YES;
				CLANG_ENABLE_OBJC_ARC = YES;
				CLANG_ENABLE_OBJC_WEAK = YES;
				CLANG_WARN_BLOCK_CAPTURE_AUTORELEASING = YES;
				CLANG_WARN_BOOL_CONVERSION = YES;
				CLANG_WARN_COMMA = YES;
				CLANG_WARN_CONSTANT_CONVERSION = YES;
				CLANG_WARN_DEPRECATED_OBJC_IMPLEMENTATIONS = YES;
				CLANG_WARN_DIRECT_OBJC_ISA_USAGE = YES_ERROR;
				CLANG_WARN_DOCUMENTATION_COMMENTS = YES;
				CLANG_WARN_EMPTY_BODY = YES;
				CLANG_WARN_ENUM_CONVERSION = YES;
				CLANG_WARN_INFINITE_RECURSION = YES;
				CLANG_WARN_INT_CONVERSION = YES;
				CLANG_WARN_NON_LITERAL_NULL_CONVERSION = YES;
				CLANG_WARN_OBJC_IMPLICIT_RETAIN_SELF = YES;
				CLANG_WARN_OBJC_LITERAL_CONVERSION = YES;
				CLANG_WARN_OBJC_ROOT_CLASS = YES_ERROR;
				CLANG_WARN_RANGE_LOOP_ANALYSIS = YES;
				CLANG_WARN_STRICT_PROTOTYPES = YES;
				CLANG_WARN_SUSPICIOUS_MOVE = YES;
				CLANG_WARN_UNGUARDED_AVAILABILITY = YES_AGGRESSIVE;
				CLANG_WARN_UNREACHABLE_CODE = YES;
				CLANG_WARN__DUPLICATE_METHOD_MATCH = YES;
				CODE_SIGN_IDENTITY = "iPhone Developer";
				COPY_PHASE_STRIP = NO;
				DEBUG_INFORMATION_FORMAT = dwarf;
				ENABLE_STRICT_OBJC_MSGSEND = YES;
				ENABLE_TESTABILITY = YES;
				GCC_C_LANGUAGE_STANDARD = gnu11;
				GCC_DYNAMIC_NO_PIC = NO;
				GCC_NO_COMMON_BLOCKS = YES;
				GCC_OPTIMIZATION_LEVEL = 0;
				GCC_PREPROCESSOR_DEFINITIONS = (
					"DEBUG=1",
					"$(inherited)",
				);
				GCC_WARN_64_TO_32_BIT_CONVERSION = YES;
				GCC_WARN_ABOUT_RETURN_TYPE = YES_ERROR;
				GCC_WARN_UNDECLARED_SELECTOR = YES;
				GCC_WARN_UNINITIALIZED_AUTOS = YES_AGGRESSIVE;
				GCC_WARN_UNUSED_FUNCTION = YES;
				GCC_WARN_UNUSED_VARIABLE = YES;
				IPHONEOS_DEPLOYMENT_TARGET = 11.3;
				MTL_ENABLE_DEBUG_INFO = YES;
				ONLY_ACTIVE_ARCH = YES;
				SDKROOT = iphoneos;
				SWIFT_ACTIVE_COMPILATION_CONDITIONS = DEBUG;
				SWIFT_OPTIMIZATION_LEVEL = "-Onone";
			};
			name = Debug;
		};
		AAF2159620B6079B00F0529E /* Release */ = {
			isa = XCBuildConfiguration;
			buildSettings = {
				ALWAYS_SEARCH_USER_PATHS = NO;
				CLANG_ANALYZER_NONNULL = YES;
				CLANG_ANALYZER_NUMBER_OBJECT_CONVERSION = YES_AGGRESSIVE;
				CLANG_CXX_LANGUAGE_STANDARD = "gnu++14";
				CLANG_CXX_LIBRARY = "libc++";
				CLANG_ENABLE_MODULES = YES;
				CLANG_ENABLE_OBJC_ARC = YES;
				CLANG_ENABLE_OBJC_WEAK = YES;
				CLANG_WARN_BLOCK_CAPTURE_AUTORELEASING = YES;
				CLANG_WARN_BOOL_CONVERSION = YES;
				CLANG_WARN_COMMA = YES;
				CLANG_WARN_CONSTANT_CONVERSION = YES;
				CLANG_WARN_DEPRECATED_OBJC_IMPLEMENTATIONS = YES;
				CLANG_WARN_DIRECT_OBJC_ISA_USAGE = YES_ERROR;
				CLANG_WARN_DOCUMENTATION_COMMENTS = YES;
				CLANG_WARN_EMPTY_BODY = YES;
				CLANG_WARN_ENUM_CONVERSION = YES;
				CLANG_WARN_INFINITE_RECURSION = YES;
				CLANG_WARN_INT_CONVERSION = YES;
				CLANG_WARN_NON_LITERAL_NULL_CONVERSION = YES;
				CLANG_WARN_OBJC_IMPLICIT_RETAIN_SELF = YES;
				CLANG_WARN_OBJC_LITERAL_CONVERSION = YES;
				CLANG_WARN_OBJC_ROOT_CLASS = YES_ERROR;
				CLANG_WARN_RANGE_LOOP_ANALYSIS = YES;
				CLANG_WARN_STRICT_PROTOTYPES = YES;
				CLANG_WARN_SUSPICIOUS_MOVE = YES;
				CLANG_WARN_UNGUARDED_AVAILABILITY = YES_AGGRESSIVE;
				CLANG_WARN_UNREACHABLE_CODE = YES;
				CLANG_WARN__DUPLICATE_METHOD_MATCH = YES;
				CODE_SIGN_IDENTITY = "iPhone Developer";
				COPY_PHASE_STRIP = NO;
				DEBUG_INFORMATION_FORMAT = "dwarf-with-dsym";
				ENABLE_NS_ASSERTIONS = NO;
				ENABLE_STRICT_OBJC_MSGSEND = YES;
				GCC_C_LANGUAGE_STANDARD = gnu11;
				GCC_NO_COMMON_BLOCKS = YES;
				GCC_WARN_64_TO_32_BIT_CONVERSION = YES;
				GCC_WARN_ABOUT_RETURN_TYPE = YES_ERROR;
				GCC_WARN_UNDECLARED_SELECTOR = YES;
				GCC_WARN_UNINITIALIZED_AUTOS = YES_AGGRESSIVE;
				GCC_WARN_UNUSED_FUNCTION = YES;
				GCC_WARN_UNUSED_VARIABLE = YES;
				IPHONEOS_DEPLOYMENT_TARGET = 11.3;
				MTL_ENABLE_DEBUG_INFO = NO;
				SDKROOT = iphoneos;
				SWIFT_COMPILATION_MODE = wholemodule;
				SWIFT_OPTIMIZATION_LEVEL = "-O";
				VALIDATE_PRODUCT = YES;
			};
			name = Release;
		};
		AAF2159820B6079B00F0529E /* Debug */ = {
			isa = XCBuildConfiguration;
			buildSettings = {
				ASSETCATALOG_COMPILER_APPICON_NAME = AppIcon;
				CODE_SIGN_STYLE = Automatic;
				DEVELOPMENT_TEAM = 5K43Q6FF67;
				INFOPLIST_FILE = PerkinsHacks_iOS/Info.plist;
				LD_RUNPATH_SEARCH_PATHS = (
					"$(inherited)",
					"@executable_path/Frameworks",
				);
				PRODUCT_BUNDLE_IDENTIFIER = "oar.PerkinsHacks-iOS";
				PRODUCT_NAME = "$(TARGET_NAME)";
				SWIFT_VERSION = 4.0;
				TARGETED_DEVICE_FAMILY = "1,2";
			};
			name = Debug;
		};
		AAF2159920B6079B00F0529E /* Release */ = {
			isa = XCBuildConfiguration;
			buildSettings = {
				ASSETCATALOG_COMPILER_APPICON_NAME = AppIcon;
				CODE_SIGN_STYLE = Automatic;
				DEVELOPMENT_TEAM = 5K43Q6FF67;
				INFOPLIST_FILE = PerkinsHacks_iOS/Info.plist;
				LD_RUNPATH_SEARCH_PATHS = (
					"$(inherited)",
					"@executable_path/Frameworks",
				);
				PRODUCT_BUNDLE_IDENTIFIER = "oar.PerkinsHacks-iOS";
				PRODUCT_NAME = "$(TARGET_NAME)";
				SWIFT_VERSION = 4.0;
				TARGETED_DEVICE_FAMILY = "1,2";
			};
			name = Release;
		};
/* End XCBuildConfiguration section */

/* Begin XCConfigurationList section */
		AAF2157D20B6079A00F0529E /* Build configuration list for PBXProject "PerkinsHacks_iOS" */ = {
			isa = XCConfigurationList;
			buildConfigurations = (
				AAF2159520B6079B00F0529E /* Debug */,
				AAF2159620B6079B00F0529E /* Release */,
			);
			defaultConfigurationIsVisible = 0;
			defaultConfigurationName = Release;
		};
		AAF2159720B6079B00F0529E /* Build configuration list for PBXNativeTarget "PerkinsHacks_iOS" */ = {
			isa = XCConfigurationList;
			buildConfigurations = (
				AAF2159820B6079B00F0529E /* Debug */,
				AAF2159920B6079B00F0529E /* Release */,
			);
			defaultConfigurationIsVisible = 0;
			defaultConfigurationName = Release;
		};
/* End XCConfigurationList section */

/* Begin XCVersionGroup section */
		AAF2158C20B6079A00F0529E /* PerkinsHacks_iOS.xcdatamodeld */ = {
			isa = XCVersionGroup;
			children = (
				AAF2158D20B6079A00F0529E /* PerkinsHacks_iOS.xcdatamodel */,
			);
			currentVersion = AAF2158D20B6079A00F0529E /* PerkinsHacks_iOS.xcdatamodel */;
			path = PerkinsHacks_iOS.xcdatamodeld;
			sourceTree = "<group>";
			versionGroupType = wrapper.xcdatamodel;
		};
/* End XCVersionGroup section */
	};
	rootObject = AAF2157A20B6079A00F0529E /* Project object */;
}
